github.com/antithesishq/antithesis-sdk-go v0.1.19 h1:/9/lti2g4iREKTHSD/ETwxbMyWFigY88XPfN5kTX1kI=
github.com/antithesishq/antithesis-sdk-go v0.1.19/go.mod h1:qOiIeVdo1mwCsRgb+mOi7CjgU+zKuPNpUiasOEIqUqw=
github.com/golang/glog v1.2.0 h1:uCdmnmatrKCgMBlM4rMuJZWOkPDqdbZPnrMXDY4gI68=
github.com/golang/glog v1.2.0/go.mod h1:6AhwSGph0fcJtXVM/PEHPqZlFeoLxhs7/t5UDAwmO+w=
github.com/google/go-cmp v0.6.0 h1:ofyhxvXcZhMsU5ulbFiLKl/XBFqE1GSq7atu8tAmTRI=
